
Microsoft Visual Studio Solution File, Format Version 12.00
# Visual Studio Version 16
VisualStudioVersion = 16.0.29920.165
MinimumVisualStudioVersion = 10.0.40219.1
Project("{FAE04EC0-301F-11D3-BF4B-00C04F79EFBC}") = "AspNetCoreAngular", "AspNetCoreAngular\AspNetCoreAngular.csproj", "{56CAD067-57DB-4427-8C1B-AE44E128DDFA}"
EndProject
Global
	GlobalSection(SolutionConfigurationPlatforms) = preSolution
		Debug|Any CPU = Debug|Any CPU
		Release|Any CPU = Release|Any CPU
	EndGlobalSection
	GlobalSection(ProjectConfigurationPlatforms) = postSolution
		{56CAD067-57DB-4427-8C1B-AE44E128DDFA}.Debug|Any CPU.ActiveCfg = Debug|Any CPU
		{56CAD067-57DB-4427-8C1B-AE44E128DDFA}.Debug|Any CPU.Build.0 = Debug|Any CPU
		{56CAD067-57DB-4427-8C1B-AE44E128DDFA}.Release|Any CPU.ActiveCfg = Release|Any CPU
		{56CAD067-57DB-4427-8C1B-AE44E128DDFA}.Release|Any CPU.Build.0 = Release|Any CPU
	EndGlobalSection
	GlobalSection(SolutionProperties) = preSolution
		HideSolutionNode = FALSE
	EndGlobalSection
	GlobalSection(ExtensibilityGlobals) = postSolution
		SolutionGuid = {D9F5B0E1-33B8-4843-A60B-FA99C9EE1FF9}
	EndGlobalSection
EndGlobal
